
Microsoft Visual Studio Solution File, Format Version 12.00
# Visual Studio Version 17
VisualStudioVersion = 17.0.31919.166
MinimumVisualStudioVersion = 10.0.40219.1
Project("{2150E333-8FDC-42A3-9474-1A3956D46DE8}") = "src", "src", "{8357FD2D-394B-46DB-B644-2EFC0DA4D706}"
EndProject
Project("{2150E333-8FDC-42A3-9474-1A3956D46DE8}") = "DataStructures", "DataStructures", "{E25E92C0-35E5-42F1-80B6-1B40DF0BA69F}"
EndProject
Project("{9A19103F-16F7-4668-BE54-9A1E7A4F7556}") = "Stacks", "src\DataStructures\Stacks\Stacks.csproj", "{026299CA-9A47-4D0A-8617-48272DE219AD}"
EndProject
Project("{2150E333-8FDC-42A3-9474-1A3956D46DE8}") = "Algorithms", "Algorithms", "{DA6D9CB8-F699-4579-A3B5-59CAA32EBCD9}"
EndProject
Project("{9A19103F-16F7-4668-BE54-9A1E7A4F7556}") = "Greedy", "src\Algorithms\Greedy\Greedy.csproj", "{06FD69E4-EC6B-44A4-83BE-EAB4746F3DB7}"
EndProject
Project("{9A19103F-16F7-4668-BE54-9A1E7A4F7556}") = "Implementation", "src\Algorithms\Implementation\Implementation.csproj", "{8C9D6FC0-AB02-455C-B941-BF1EBC54A0EA}"
EndProject
Project("{9A19103F-16F7-4668-BE54-9A1E7A4F7556}") = "Strings", "src\Algorithms\Strings\Strings.csproj", "{A89003BB-6607-42FE-A5FD-4AE1D2FDCDE0}"
EndProject
Project("{9A19103F-16F7-4668-BE54-9A1E7A4F7556}") = "Warmup", "src\Algorithms\Warmup\Warmup.csproj", "{2C74660A-26EE-42BF-A356-B9781AE3447E}"
EndProject
Project("{FAE04EC0-301F-11D3-BF4B-00C04F79EFBC}") = "Sorting", "src\Algorithms\Sorting\Sorting.csproj", "{04F1DBD0-E9D3-4E4D-9AC0-22702D90D442}"
EndProject
Global
	GlobalSection(SolutionConfigurationPlatforms) = preSolution
		Debug|Any CPU = Debug|Any CPU
		Release|Any CPU = Release|Any CPU
	EndGlobalSection
	GlobalSection(ProjectConfigurationPlatforms) = postSolution
		{026299CA-9A47-4D0A-8617-48272DE219AD}.Debug|Any CPU.ActiveCfg = Debug|Any CPU
		{026299CA-9A47-4D0A-8617-48272DE219AD}.Debug|Any CPU.Build.0 = Debug|Any CPU
		{026299CA-9A47-4D0A-8617-48272DE219AD}.Release|Any CPU.ActiveCfg = Release|Any CPU
		{026299CA-9A47-4D0A-8617-48272DE219AD}.Release|Any CPU.Build.0 = Release|Any CPU
		{06FD69E4-EC6B-44A4-83BE-EAB4746F3DB7}.Debug|Any CPU.ActiveCfg = Debug|Any CPU
		{06FD69E4-EC6B-44A4-83BE-EAB4746F3DB7}.Debug|Any CPU.Build.0 = Debug|Any CPU
		{06FD69E4-EC6B-44A4-83BE-EAB4746F3DB7}.Release|Any CPU.ActiveCfg = Release|Any CPU
		{06FD69E4-EC6B-44A4-83BE-EAB4746F3DB7}.Release|Any CPU.Build.0 = Release|Any CPU
		{8C9D6FC0-AB02-455C-B941-BF1EBC54A0EA}.Debug|Any CPU.ActiveCfg = Debug|Any CPU
		{8C9D6FC0-AB02-455C-B941-BF1EBC54A0EA}.Debug|Any CPU.Build.0 = Debug|Any CPU
		{8C9D6FC0-AB02-455C-B941-BF1EBC54A0EA}.Release|Any CPU.ActiveCfg = Release|Any CPU
		{8C9D6FC0-AB02-455C-B941-BF1EBC54A0EA}.Release|Any CPU.Build.0 = Release|Any CPU
		{A89003BB-6607-42FE-A5FD-4AE1D2FDCDE0}.Debug|Any CPU.ActiveCfg = Debug|Any CPU
		{A89003BB-6607-42FE-A5FD-4AE1D2FDCDE0}.Debug|Any CPU.Build.0 = Debug|Any CPU
		{A89003BB-6607-42FE-A5FD-4AE1D2FDCDE0}.Release|Any CPU.ActiveCfg = Release|Any CPU
		{A89003BB-6607-42FE-A5FD-4AE1D2FDCDE0}.Release|Any CPU.Build.0 = Release|Any CPU
		{2C74660A-26EE-42BF-A356-B9781AE3447E}.Debug|Any CPU.ActiveCfg = Debug|Any CPU
		{2C74660A-26EE-42BF-A356-B9781AE3447E}.Debug|Any CPU.Build.0 = Debug|Any CPU
		{2C74660A-26EE-42BF-A356-B9781AE3447E}.Release|Any CPU.ActiveCfg = Release|Any CPU
		{2C74660A-26EE-42BF-A356-B9781AE3447E}.Release|Any CPU.Build.0 = Release|Any CPU
		{04F1DBD0-E9D3-4E4D-9AC0-22702D90D442}.Debug|Any CPU.ActiveCfg = Debug|Any CPU
		{04F1DBD0-E9D3-4E4D-9AC0-22702D90D442}.Debug|Any CPU.Build.0 = Debug|Any CPU
		{04F1DBD0-E9D3-4E4D-9AC0-22702D90D442}.Release|Any CPU.ActiveCfg = Release|Any CPU
		{04F1DBD0-E9D3-4E4D-9AC0-22702D90D442}.Release|Any CPU.Build.0 = Release|Any CPU
	EndGlobalSection
	GlobalSection(SolutionProperties) = preSolution
		HideSolutionNode = FALSE
	EndGlobalSection
	GlobalSection(NestedProjects) = preSolution
		{E25E92C0-35E5-42F1-80B6-1B40DF0BA69F} = {8357FD2D-394B-46DB-B644-2EFC0DA4D706}
		{026299CA-9A47-4D0A-8617-48272DE219AD} = {E25E92C0-35E5-42F1-80B6-1B40DF0BA69F}
		{DA6D9CB8-F699-4579-A3B5-59CAA32EBCD9} = {8357FD2D-394B-46DB-B644-2EFC0DA4D706}
		{06FD69E4-EC6B-44A4-83BE-EAB4746F3DB7} = {DA6D9CB8-F699-4579-A3B5-59CAA32EBCD9}
		{8C9D6FC0-AB02-455C-B941-BF1EBC54A0EA} = {DA6D9CB8-F699-4579-A3B5-59CAA32EBCD9}
		{A89003BB-6607-42FE-A5FD-4AE1D2FDCDE0} = {DA6D9CB8-F699-4579-A3B5-59CAA32EBCD9}
		{2C74660A-26EE-42BF-A356-B9781AE3447E} = {DA6D9CB8-F699-4579-A3B5-59CAA32EBCD9}
		{04F1DBD0-E9D3-4E4D-9AC0-22702D90D442} = {DA6D9CB8-F699-4579-A3B5-59CAA32EBCD9}
	EndGlobalSection
	GlobalSection(ExtensibilityGlobals) = postSolution
		SolutionGuid = {1DEB8679-7CC3-484E-9C8B-DDCD4F964ECF}
	EndGlobalSection
EndGlobal
